
Microsoft Visual Studio Solution File, Format Version 12.00
# Visual Studio Version 17
VisualStudioVersion = 17.1.32421.90
MinimumVisualStudioVersion = 10.0.40219.1
Project("{FAE04EC0-301F-11D3-BF4B-00C04F79EFBC}") = "ChampionsLeaugue", "ChampionsLeaugue\ChampionsLeaugue.csproj", "{CBE1999D-D0A6-40FD-9E48-B4CD499E793F}"
EndProject
Global
	GlobalSection(SolutionConfigurationPlatforms) = preSolution
		Debug|Any CPU = Debug|Any CPU
		Release|Any CPU = Release|Any CPU
	EndGlobalSection
	GlobalSection(ProjectConfigurationPlatforms) = postSolution
		{CBE1999D-D0A6-40FD-9E48-B4CD499E793F}.Debug|Any CPU.ActiveCfg = Debug|Any CPU
		{CBE1999D-D0A6-40FD-9E48-B4CD499E793F}.Debug|Any CPU.Build.0 = Debug|Any CPU
		{CBE1999D-D0A6-40FD-9E48-B4CD499E793F}.Release|Any CPU.ActiveCfg = Release|Any CPU
		{CBE1999D-D0A6-40FD-9E48-B4CD499E793F}.Release|Any CPU.Build.0 = Release|Any CPU
	EndGlobalSection
	GlobalSection(SolutionProperties) = preSolution
		HideSolutionNode = FALSE
	EndGlobalSection
	GlobalSection(ExtensibilityGlobals) = postSolution
		SolutionGuid = {AE43412A-9FF0-45D9-AA1A-094C8522B2D4}
	EndGlobalSection
EndGlobal
